
Microsoft Visual Studio Solution File, Format Version 12.00
# Visual Studio Version 17
VisualStudioVersion = 17.0.31919.166
MinimumVisualStudioVersion = 10.0.40219.1
Project("{FAE04EC0-301F-11D3-BF4B-00C04F79EFBC}") = "WpfApp1", "WpfApp1\WpfApp1.csproj", "{4E57C2F6-3EE9-4AE5-A1C5-036BFBC7D9A3}"
EndProject
Global
	GlobalSection(SolutionConfigurationPlatforms) = preSolution
		Debug|Any CPU = Debug|Any CPU
		Release|Any CPU = Release|Any CPU
	EndGlobalSection
	GlobalSection(ProjectConfigurationPlatforms) = postSolution
		{4E57C2F6-3EE9-4AE5-A1C5-036BFBC7D9A3}.Debug|Any CPU.ActiveCfg = Debug|Any CPU
		{4E57C2F6-3EE9-4AE5-A1C5-036BFBC7D9A3}.Debug|Any CPU.Build.0 = Debug|Any CPU
		{4E57C2F6-3EE9-4AE5-A1C5-036BFBC7D9A3}.Release|Any CPU.ActiveCfg = Release|Any CPU
		{4E57C2F6-3EE9-4AE5-A1C5-036BFBC7D9A3}.Release|Any CPU.Build.0 = Release|Any CPU
	EndGlobalSection
	GlobalSection(SolutionProperties) = preSolution
		HideSolutionNode = FALSE
	EndGlobalSection
	GlobalSection(ExtensibilityGlobals) = postSolution
		SolutionGuid = {8747AE57-C6E3-496E-BFAF-6D3742619250}
	EndGlobalSection
EndGlobal
